
Microsoft Visual Studio Solution File, Format Version 12.00
# Visual Studio Version 17
VisualStudioVersion = 17.7.34202.233
MinimumVisualStudioVersion = 10.0.40219.1
Project("{FAE04EC0-301F-11D3-BF4B-00C04F79EFBC}") = "WebFormsProject", "WebFormsProject.csproj", "{8A8334AA-2784-47F8-9F08-F91A1CFEB8BB}"
EndProject
Global
	GlobalSection(SolutionConfigurationPlatforms) = preSolution
		Debug|Any CPU = Debug|Any CPU
		Release|Any CPU = Release|Any CPU
	EndGlobalSection
	GlobalSection(ProjectConfigurationPlatforms) = postSolution
		{8A8334AA-2784-47F8-9F08-F91A1CFEB8BB}.Debug|Any CPU.ActiveCfg = Debug|Any CPU
		{8A8334AA-2784-47F8-9F08-F91A1CFEB8BB}.Debug|Any CPU.Build.0 = Debug|Any CPU
		{8A8334AA-2784-47F8-9F08-F91A1CFEB8BB}.Release|Any CPU.ActiveCfg = Release|Any CPU
		{8A8334AA-2784-47F8-9F08-F91A1CFEB8BB}.Release|Any CPU.Build.0 = Release|Any CPU
	EndGlobalSection
	GlobalSection(SolutionProperties) = preSolution
		HideSolutionNode = FALSE
	EndGlobalSection
	GlobalSection(ExtensibilityGlobals) = postSolution
		SolutionGuid = {D504317F-0EE6-4764-93B4-EA6AB1904B00}
	EndGlobalSection
EndGlobal
